dependencies:
- name: postgresql
  repository: oci://docker.io/bitnamicharts
  version: 16.7.27
- name: valkey
  repository: https://valkey.io/valkey-helm/
  version: 0.9.3
digest: sha256:8be9dc91e50541ba217d391fd71685576e3f3c1ba83cd3e62436d9ec8602935b
generated: "2026-01-18T22:22:10.893507851+01:00"
