dependencies:
- name: postgresql
  repository: oci://docker.io/bitnamicharts
  version: 16.7.24
- name: redis
  repository: oci://docker.io/bitnamicharts
  version: 22.0.1
digest: sha256:d475711c1cba5579a24b61d7b553ebe4298f08ce32fe36814ec2296f188ce640
generated: "2025-08-10T14:08:15.632837914+02:00"
