dependencies:
- name: postgresql
  repository: oci://docker.io/bitnamicharts
  version: 16.7.26
- name: redis
  repository: oci://docker.io/bitnamicharts
  version: 22.0.3
digest: sha256:17ee034dbdbdd01e3bf80aebed8dc65421afd6ee53b344b477262b0ee88bda6e
generated: "2025-08-16T08:03:23.298827049+02:00"
